{
  "version": 4,
  "terraform_version": "1.1.9",
  "serial": 148,
  "lineage": "cc00edb8-fb50-827a-9939-f87c586a6eff",
  "outputs": {},
  "resources": [
    {
      "mode": "data",
      "type": "template_file",
      "name": "user_data",
      "provider": "provider[\"registry.terraform.io/hashicorp/template\"]",
      "instances": [
        {
          "schema_version": 0,
          "attributes": {
            "filename": null,
            "id": "1849c48f0f09281a21f924fda402e6e4bd0e10aa9f68988d5aed27fce93c3064",
            "rendered": "#cloud-config\nusers:\n — name: terraform_guest\n sudo: ALL=(ALL) NOPASSWD:ALL\n groups: users, admin\n home: /home/terraform_guest\n shell: /bin/bash\n ssh_authorized_keys:\n — ssh-rsa ssh-ed25519 AAAAC3NzaC1lZDI1NTE5AAAAIB0x8kmoDcEjTa9BwIzDlEc1Hsks4vcbb188UBkUWwyn fernandopassoz@gmail.com\n",
            "template": "#cloud-config\nusers:\n — name: terraform_guest\n sudo: ALL=(ALL) NOPASSWD:ALL\n groups: users, admin\n home: /home/terraform_guest\n shell: /bin/bash\n ssh_authorized_keys:\n — ssh-rsa ssh-ed25519 AAAAC3NzaC1lZDI1NTE5AAAAIB0x8kmoDcEjTa9BwIzDlEc1Hsks4vcbb188UBkUWwyn fernandopassoz@gmail.com\n",
            "vars": null
          },
          "sensitive_attributes": []
        }
      ]
    },
    {
      "mode": "managed",
      "type": "libvirt_cloudinit_disk",
      "name": "commoninit",
      "provider": "provider[\"registry.terraform.io/dmacvicar/libvirt\"]",
      "instances": [
        {
          "schema_version": 0,
          "attributes": {
            "id": "/home/fernando/Files/VMs/ubuntu-pool/commoninit.iso;11d15ff7-f03b-446d-854d-af29d39cc2e0",
            "meta_data": "",
            "name": "commoninit.iso",
            "network_config": "",
            "pool": "ubuntu-pool",
            "user_data": "#cloud-config\nusers:\n — name: terraform_guest\n sudo: ALL=(ALL) NOPASSWD:ALL\n groups: users, admin\n home: /home/terraform_guest\n shell: /bin/bash\n ssh_authorized_keys:\n — ssh-rsa ssh-ed25519 AAAAC3NzaC1lZDI1NTE5AAAAIB0x8kmoDcEjTa9BwIzDlEc1Hsks4vcbb188UBkUWwyn fernandopassoz@gmail.com\n"
          },
          "sensitive_attributes": [],
          "private": "bnVsbA==",
          "dependencies": [
            "data.template_file.user_data",
            "libvirt_pool.ubuntu"
          ]
        }
      ]
    },
    {
      "mode": "managed",
      "type": "libvirt_domain",
      "name": "kube-1",
      "provider": "provider[\"registry.terraform.io/dmacvicar/libvirt\"]",
      "instances": [
        {
          "schema_version": 0,
          "attributes": {
            "arch": "x86_64",
            "autostart": null,
            "boot_device": [],
            "cloudinit": null,
            "cmdline": null,
            "console": [
              {
                "source_host": "127.0.0.1",
                "source_path": "",
                "source_service": "0",
                "target_port": "0",
                "target_type": "serial",
                "type": "pty"
              }
            ],
            "coreos_ignition": null,
            "cpu": [],
            "description": "",
            "disk": [
              {
                "block_device": "",
                "file": "",
                "scsi": false,
                "url": "",
                "volume_id": "/home/fernando/Files/VMs/ubuntu-pool/ubuntu-volume-1.qcow2",
                "wwn": ""
              }
            ],
            "emulator": "/usr/bin/qemu-system-x86_64",
            "filesystem": [],
            "firmware": "",
            "fw_cfg_name": "opt/com.coreos/config",
            "graphics": [
              {
                "autoport": true,
                "listen_address": "127.0.0.1",
                "listen_type": "address",
                "type": "spice",
                "websocket": 0
              }
            ],
            "id": "2f8d9244-3f9e-4746-a689-42aa81d9cc3b",
            "initrd": "",
            "kernel": "",
            "machine": "pc",
            "memory": 1024,
            "metadata": null,
            "name": "kube-1",
            "network_interface": [
              {
                "addresses": [],
                "bridge": "",
                "hostname": "kube-1",
                "mac": "AA:BB:CC:11:22:10",
                "macvtap": "",
                "network_id": "b3da0e40-46d8-4747-b03f-cac4658372ec",
                "network_name": "kube-net",
                "passthrough": "",
                "vepa": "",
                "wait_for_lease": false
              }
            ],
            "nvram": [],
            "qemu_agent": false,
            "running": true,
            "timeouts": null,
            "tpm": [],
            "vcpu": 1,
            "video": [],
            "xml": []
          },
          "sensitive_attributes": [],
          "private": "eyJlMmJmYjczMC1lY2FhLTExZTYtOGY4OC0zNDM2M2JjN2M0YzAiOnsiY3JlYXRlIjozMDAwMDAwMDAwMDB9fQ==",
          "dependencies": [
            "libvirt_network.kube-net",
            "libvirt_pool.ubuntu",
            "libvirt_volume.volume-1"
          ]
        }
      ]
    },
    {
      "mode": "managed",
      "type": "libvirt_network",
      "name": "kube-net",
      "provider": "provider[\"registry.terraform.io/dmacvicar/libvirt\"]",
      "instances": [
        {
          "schema_version": 0,
          "attributes": {
            "addresses": [
              "10.20.30.0/24"
            ],
            "autostart": true,
            "bridge": "virbr1",
            "dhcp": [
              {
                "enabled": true
              }
            ],
            "dns": [
              {
                "enabled": false,
                "forwarders": [],
                "hosts": [],
                "local_only": false,
                "srvs": []
              }
            ],
            "dnsmasq_options": [],
            "domain": "kube.local",
            "id": "b3da0e40-46d8-4747-b03f-cac4658372ec",
            "mode": "none",
            "mtu": null,
            "name": "kube-net",
            "routes": [],
            "xml": []
          },
          "sensitive_attributes": [],
          "private": "bnVsbA=="
        }
      ]
    },
    {
      "mode": "managed",
      "type": "libvirt_pool",
      "name": "ubuntu",
      "provider": "provider[\"registry.terraform.io/dmacvicar/libvirt\"]",
      "instances": [
        {
          "schema_version": 0,
          "attributes": {
            "allocation": 1124688519168,
            "available": null,
            "capacity": 1473980743680,
            "id": "7ce971df-4e12-4f27-9667-ec7269e06237",
            "name": "ubuntu-pool",
            "path": "/home/fernando/Files/VMs/ubuntu-pool",
            "type": "dir",
            "xml": []
          },
          "sensitive_attributes": [],
          "private": "bnVsbA=="
        }
      ]
    },
    {
      "mode": "managed",
      "type": "libvirt_volume",
      "name": "volume-1",
      "provider": "provider[\"registry.terraform.io/dmacvicar/libvirt\"]",
      "instances": [
        {
          "schema_version": 0,
          "attributes": {
            "base_volume_id": null,
            "base_volume_name": null,
            "base_volume_pool": null,
            "format": "qcow2",
            "id": "/home/fernando/Files/VMs/ubuntu-pool/ubuntu-volume-1.qcow2",
            "name": "ubuntu-volume-1.qcow2",
            "pool": "ubuntu-pool",
            "size": 2361393152,
            "source": "https://cloud-images.ubuntu.com/jammy/current/jammy-server-cloudimg-amd64.img",
            "xml": []
          },
          "sensitive_attributes": [],
          "private": "bnVsbA==",
          "dependencies": [
            "libvirt_pool.ubuntu"
          ]
        }
      ]
    }
  ]
}
