{
  "version": 4,
  "terraform_version": "1.1.9",
  "serial": 837,
  "lineage": "cc00edb8-fb50-827a-9939-f87c586a6eff",
  "outputs": {},
  "resources": [
    {
      "mode": "data",
      "type": "template_file",
      "name": "network_config",
      "provider": "provider[\"registry.terraform.io/hashicorp/template\"]",
      "instances": [
        {
          "schema_version": 0,
          "attributes": {
            "filename": null,
            "id": "d18a64f50dd6765b318a77fbbae6e92c1752d49611fd7f2f8d2cc94660f7d5e8",
            "rendered": "version: 2\nethernets:\n  #ens3:\n    # dhcp4: false \n    #gateway4: 192.168.122.1\n    #nameservers:\n    #  addresses: [8.8.8.8]\n    kube-1:\n      match: \n        macaddress: '00:11:22:AA:BB:01'\n      dhcp4: true\n      addresses: \n        - 192.168.122.201/24\n      gateway4: 192.168.200.1\n      nameservers:\n        addresses: [8.8.8.8]\n    kube-2:\n      match: \n        macaddress: '00:11:22:AA:BB:02'\n      dhcp4: true\n      addresses: \n        - 192.168.122.202/24\n      gateway4: 192.168.200.1\n      nameservers:\n        addresses: [8.8.8.8]\n    kube-3:\n      match: \n        macaddress: '00:11:22:AA:BB:03'\n      dhcp4: true\n      addresses: \n        - 192.168.122.203/24\n      gateway4: 192.168.200.1\n      nameservers:\n        addresses: [8.8.8.8]\n\n",
            "template": "version: 2\nethernets:\n  #ens3:\n    # dhcp4: false \n    #gateway4: 192.168.122.1\n    #nameservers:\n    #  addresses: [8.8.8.8]\n    kube-1:\n      match: \n        macaddress: '00:11:22:AA:BB:01'\n      dhcp4: true\n      addresses: \n        - 192.168.122.201/24\n      gateway4: 192.168.200.1\n      nameservers:\n        addresses: [8.8.8.8]\n    kube-2:\n      match: \n        macaddress: '00:11:22:AA:BB:02'\n      dhcp4: true\n      addresses: \n        - 192.168.122.202/24\n      gateway4: 192.168.200.1\n      nameservers:\n        addresses: [8.8.8.8]\n    kube-3:\n      match: \n        macaddress: '00:11:22:AA:BB:03'\n      dhcp4: true\n      addresses: \n        - 192.168.122.203/24\n      gateway4: 192.168.200.1\n      nameservers:\n        addresses: [8.8.8.8]\n\n",
            "vars": null
          },
          "sensitive_attributes": []
        }
      ]
    },
    {
      "mode": "data",
      "type": "template_file",
      "name": "user_data",
      "provider": "provider[\"registry.terraform.io/hashicorp/template\"]",
      "instances": [
        {
          "schema_version": 0,
          "attributes": {
            "filename": null,
            "id": "30591ebef33562763355dfe699ec49bed72e6acbc74b0ef454730c5b7f2d6260",
            "rendered": "#cloud-config\n\nusers:\n  - name: root\n    groups: root\n    home: /root\n    shell: /bin/bash\n    lock_passwd: true\n    ssh_authorized_keys:\n      - \"ssh-ed25519 AAAAC3NzaC1lZDI1NTE5AAAAIB0x8kmoDcEjTa9BwIzDlEc1Hsks4vcbb188UBkUWwyn fernandopassoz@gmail.com\"\n\n# users:\n#   - name: kubemanager\n#     groups: users, admin\n#     sudo: ALL=(ALL) NOPASSWD:ALL\n#     home: /home/kubemanager\n#     shell: /bin/bash\n#     lock_passwd: false\n#     passwd: $6$BrhAICFYrzfpCMXU$0y4oLvPgLqmykbWCvxFNZiV6tgbjPvv6P/dDcAxpY9qpFgRHNs9udgnNiYDFgDbThSSWWPLuvymfCgF52YE7H1\n#     ssh_authorized_keys:\n#       - \"ssh-ed25519 AAAAC3NzaC1lZDI1NTE5AAAAIB0x8kmoDcEjTa9BwIzDlEc1Hsks4vcbb188UBkUWwyn fernandopassoz@gmail.com\"\n# packages:\n#   - apt-transport-https\n#   - ca-certificates\n#   - curl\n#   - software-properties-common\n#   - gnupg\n#   - gnupg2\n#   - lsb-release\n#   - qemu-guest-agent\n# apt:\n#   sources:\n#     docker:\n#       source: \"deb [arch=amd64] https://download.docker.com/linux/ubuntu bionic stable\"\n#       filename: docker-ce.list\n#       keyid: 9DC858229FC7DD38854AE2D88D81803C0EBFCD88\n#     kubernetes:\n#       source: \"deb https://apt.kubernetes.io/ kubernetes-xenial main\"\n#       filename: kubernetes.list\n#       keyid: 59FE0256827269DC81578F928B57C5C2836F4BEB\n# packages:\n#   - containerd.io\n#   - docker-ce\n#   - docker-ce-cli\n#   - kubeadm\n#   - kubectl\n#   - kubelet",
            "template": "#cloud-config\n\nusers:\n  - name: root\n    groups: root\n    home: /root\n    shell: /bin/bash\n    lock_passwd: true\n    ssh_authorized_keys:\n      - ${jsonencode(trimspace(file(\"~/.ssh/id_ed25519.pub\")))}\n\n# users:\n#   - name: kubemanager\n#     groups: users, admin\n#     sudo: ALL=(ALL) NOPASSWD:ALL\n#     home: /home/kubemanager\n#     shell: /bin/bash\n#     lock_passwd: false\n#     passwd: $6$BrhAICFYrzfpCMXU$0y4oLvPgLqmykbWCvxFNZiV6tgbjPvv6P/dDcAxpY9qpFgRHNs9udgnNiYDFgDbThSSWWPLuvymfCgF52YE7H1\n#     ssh_authorized_keys:\n#       - ${jsonencode(trimspace(file(\"~/.ssh/id_ed25519.pub\")))}\n# packages:\n#   - apt-transport-https\n#   - ca-certificates\n#   - curl\n#   - software-properties-common\n#   - gnupg\n#   - gnupg2\n#   - lsb-release\n#   - qemu-guest-agent\n# apt:\n#   sources:\n#     docker:\n#       source: \"deb [arch=amd64] https://download.docker.com/linux/ubuntu bionic stable\"\n#       filename: docker-ce.list\n#       keyid: 9DC858229FC7DD38854AE2D88D81803C0EBFCD88\n#     kubernetes:\n#       source: \"deb https://apt.kubernetes.io/ kubernetes-xenial main\"\n#       filename: kubernetes.list\n#       keyid: 59FE0256827269DC81578F928B57C5C2836F4BEB\n# packages:\n#   - containerd.io\n#   - docker-ce\n#   - docker-ce-cli\n#   - kubeadm\n#   - kubectl\n#   - kubelet",
            "vars": null
          },
          "sensitive_attributes": []
        }
      ]
    },
    {
      "mode": "managed",
      "type": "libvirt_cloudinit_disk",
      "name": "commoninit",
      "provider": "provider[\"registry.terraform.io/dmacvicar/libvirt\"]",
      "instances": [
        {
          "schema_version": 0,
          "attributes": {
            "id": "/home/fernando/Files/VMs/ubuntu-pool/commoninit.iso;91265f39-09f0-45ba-9e7f-99c2cd5ee5e7",
            "meta_data": "",
            "name": "commoninit.iso",
            "network_config": "version: 2\nethernets:\n  #ens3:\n    # dhcp4: false \n    #gateway4: 192.168.122.1\n    #nameservers:\n    #  addresses: [8.8.8.8]\n    kube-1:\n      match: \n        macaddress: '00:11:22:AA:BB:01'\n      dhcp4: true\n      addresses: \n        - 192.168.122.201/24\n      gateway4: 192.168.200.1\n      nameservers:\n        addresses: [8.8.8.8]\n    kube-2:\n      match: \n        macaddress: '00:11:22:AA:BB:02'\n      dhcp4: true\n      addresses: \n        - 192.168.122.202/24\n      gateway4: 192.168.200.1\n      nameservers:\n        addresses: [8.8.8.8]\n    kube-3:\n      match: \n        macaddress: '00:11:22:AA:BB:03'\n      dhcp4: true\n      addresses: \n        - 192.168.122.203/24\n      gateway4: 192.168.200.1\n      nameservers:\n        addresses: [8.8.8.8]\n\n",
            "pool": "ubuntu-pool",
            "user_data": "#cloud-config\n\nusers:\n  - name: root\n    groups: root\n    home: /root\n    shell: /bin/bash\n    lock_passwd: true\n    ssh_authorized_keys:\n      - \"ssh-ed25519 AAAAC3NzaC1lZDI1NTE5AAAAIB0x8kmoDcEjTa9BwIzDlEc1Hsks4vcbb188UBkUWwyn fernandopassoz@gmail.com\"\n\n# users:\n#   - name: kubemanager\n#     groups: users, admin\n#     sudo: ALL=(ALL) NOPASSWD:ALL\n#     home: /home/kubemanager\n#     shell: /bin/bash\n#     lock_passwd: false\n#     passwd: $6$BrhAICFYrzfpCMXU$0y4oLvPgLqmykbWCvxFNZiV6tgbjPvv6P/dDcAxpY9qpFgRHNs9udgnNiYDFgDbThSSWWPLuvymfCgF52YE7H1\n#     ssh_authorized_keys:\n#       - \"ssh-ed25519 AAAAC3NzaC1lZDI1NTE5AAAAIB0x8kmoDcEjTa9BwIzDlEc1Hsks4vcbb188UBkUWwyn fernandopassoz@gmail.com\"\n# packages:\n#   - apt-transport-https\n#   - ca-certificates\n#   - curl\n#   - software-properties-common\n#   - gnupg\n#   - gnupg2\n#   - lsb-release\n#   - qemu-guest-agent\n# apt:\n#   sources:\n#     docker:\n#       source: \"deb [arch=amd64] https://download.docker.com/linux/ubuntu bionic stable\"\n#       filename: docker-ce.list\n#       keyid: 9DC858229FC7DD38854AE2D88D81803C0EBFCD88\n#     kubernetes:\n#       source: \"deb https://apt.kubernetes.io/ kubernetes-xenial main\"\n#       filename: kubernetes.list\n#       keyid: 59FE0256827269DC81578F928B57C5C2836F4BEB\n# packages:\n#   - containerd.io\n#   - docker-ce\n#   - docker-ce-cli\n#   - kubeadm\n#   - kubectl\n#   - kubelet"
          },
          "sensitive_attributes": [],
          "private": "bnVsbA==",
          "dependencies": [
            "data.template_file.network_config",
            "data.template_file.user_data",
            "libvirt_pool.ubuntu"
          ]
        }
      ]
    },
    {
      "mode": "managed",
      "type": "libvirt_domain",
      "name": "kube-1",
      "provider": "provider[\"registry.terraform.io/dmacvicar/libvirt\"]",
      "instances": [
        {
          "schema_version": 0,
          "attributes": {
            "arch": "x86_64",
            "autostart": null,
            "boot_device": [],
            "cloudinit": "/home/fernando/Files/VMs/ubuntu-pool/commoninit.iso;91265f39-09f0-45ba-9e7f-99c2cd5ee5e7",
            "cmdline": null,
            "console": [
              {
                "source_host": "127.0.0.1",
                "source_path": "",
                "source_service": "0",
                "target_port": "0",
                "target_type": "serial",
                "type": "pty"
              }
            ],
            "coreos_ignition": null,
            "cpu": [],
            "description": "",
            "disk": [
              {
                "block_device": "",
                "file": "",
                "scsi": false,
                "url": "",
                "volume_id": "/home/fernando/Files/VMs/ubuntu-pool/volume-1",
                "wwn": ""
              }
            ],
            "emulator": "/usr/bin/qemu-system-x86_64",
            "filesystem": [],
            "firmware": "",
            "fw_cfg_name": "opt/com.coreos/config",
            "graphics": [
              {
                "autoport": true,
                "listen_address": "127.0.0.1",
                "listen_type": "address",
                "type": "spice",
                "websocket": 0
              }
            ],
            "id": "fe4f6e2c-d00a-463b-a5fd-87eb6f5b1adb",
            "initrd": "",
            "kernel": "",
            "machine": "pc",
            "memory": 2048,
            "metadata": null,
            "name": "kube-1",
            "network_interface": [
              {
                "addresses": [
                  "192.168.122.155"
                ],
                "bridge": "",
                "hostname": "kube-1",
                "mac": "00:11:22:AA:BB:01",
                "macvtap": "",
                "network_id": "78401567-1f8b-4968-ab56-cb812e6a6e65",
                "network_name": "default",
                "passthrough": "",
                "vepa": "",
                "wait_for_lease": false
              }
            ],
            "nvram": [],
            "qemu_agent": false,
            "running": true,
            "timeouts": null,
            "tpm": [],
            "vcpu": 2,
            "video": [],
            "xml": []
          },
          "sensitive_attributes": [],
          "private": "eyJlMmJmYjczMC1lY2FhLTExZTYtOGY4OC0zNDM2M2JjN2M0YzAiOnsiY3JlYXRlIjozMDAwMDAwMDAwMDB9fQ==",
          "dependencies": [
            "data.template_file.network_config",
            "data.template_file.user_data",
            "libvirt_cloudinit_disk.commoninit",
            "libvirt_pool.ubuntu",
            "libvirt_volume.base-volume-1",
            "libvirt_volume.volume-1"
          ]
        }
      ]
    },
    {
      "mode": "managed",
      "type": "libvirt_domain",
      "name": "kube-2",
      "provider": "provider[\"registry.terraform.io/dmacvicar/libvirt\"]",
      "instances": [
        {
          "schema_version": 0,
          "attributes": {
            "arch": "x86_64",
            "autostart": null,
            "boot_device": [],
            "cloudinit": "/home/fernando/Files/VMs/ubuntu-pool/commoninit.iso;91265f39-09f0-45ba-9e7f-99c2cd5ee5e7",
            "cmdline": null,
            "console": [
              {
                "source_host": "127.0.0.1",
                "source_path": "",
                "source_service": "0",
                "target_port": "0",
                "target_type": "serial",
                "type": "pty"
              }
            ],
            "coreos_ignition": null,
            "cpu": [],
            "description": "",
            "disk": [
              {
                "block_device": "",
                "file": "",
                "scsi": false,
                "url": "",
                "volume_id": "/home/fernando/Files/VMs/ubuntu-pool/volume-2",
                "wwn": ""
              }
            ],
            "emulator": "/usr/bin/qemu-system-x86_64",
            "filesystem": [],
            "firmware": "",
            "fw_cfg_name": "opt/com.coreos/config",
            "graphics": [
              {
                "autoport": true,
                "listen_address": "127.0.0.1",
                "listen_type": "address",
                "type": "spice",
                "websocket": 0
              }
            ],
            "id": "8a65983c-77cd-43a6-aa98-2ef87756aeeb",
            "initrd": "",
            "kernel": "",
            "machine": "pc",
            "memory": 2048,
            "metadata": null,
            "name": "kube-2",
            "network_interface": [
              {
                "addresses": [
                  "192.168.122.154"
                ],
                "bridge": "",
                "hostname": "kube-2",
                "mac": "00:11:22:AA:BB:02",
                "macvtap": "",
                "network_id": "78401567-1f8b-4968-ab56-cb812e6a6e65",
                "network_name": "default",
                "passthrough": "",
                "vepa": "",
                "wait_for_lease": false
              }
            ],
            "nvram": [],
            "qemu_agent": false,
            "running": true,
            "timeouts": null,
            "tpm": [],
            "vcpu": 2,
            "video": [],
            "xml": []
          },
          "sensitive_attributes": [],
          "private": "eyJlMmJmYjczMC1lY2FhLTExZTYtOGY4OC0zNDM2M2JjN2M0YzAiOnsiY3JlYXRlIjozMDAwMDAwMDAwMDB9fQ==",
          "dependencies": [
            "data.template_file.network_config",
            "data.template_file.user_data",
            "libvirt_cloudinit_disk.commoninit",
            "libvirt_pool.ubuntu",
            "libvirt_volume.base-volume-2",
            "libvirt_volume.volume-2"
          ]
        }
      ]
    },
    {
      "mode": "managed",
      "type": "libvirt_domain",
      "name": "kube-3",
      "provider": "provider[\"registry.terraform.io/dmacvicar/libvirt\"]",
      "instances": [
        {
          "schema_version": 0,
          "attributes": {
            "arch": "x86_64",
            "autostart": null,
            "boot_device": [],
            "cloudinit": "/home/fernando/Files/VMs/ubuntu-pool/commoninit.iso;91265f39-09f0-45ba-9e7f-99c2cd5ee5e7",
            "cmdline": null,
            "console": [
              {
                "source_host": "127.0.0.1",
                "source_path": "",
                "source_service": "0",
                "target_port": "0",
                "target_type": "serial",
                "type": "pty"
              }
            ],
            "coreos_ignition": null,
            "cpu": [],
            "description": "",
            "disk": [
              {
                "block_device": "",
                "file": "",
                "scsi": false,
                "url": "",
                "volume_id": "/home/fernando/Files/VMs/ubuntu-pool/volume-3",
                "wwn": ""
              }
            ],
            "emulator": "/usr/bin/qemu-system-x86_64",
            "filesystem": [],
            "firmware": "",
            "fw_cfg_name": "opt/com.coreos/config",
            "graphics": [
              {
                "autoport": true,
                "listen_address": "127.0.0.1",
                "listen_type": "address",
                "type": "spice",
                "websocket": 0
              }
            ],
            "id": "c2386857-f576-4947-a010-45f6358da4a8",
            "initrd": "",
            "kernel": "",
            "machine": "pc",
            "memory": 2048,
            "metadata": null,
            "name": "kube-3",
            "network_interface": [
              {
                "addresses": [
                  "192.168.122.156"
                ],
                "bridge": "",
                "hostname": "kube-3",
                "mac": "00:11:22:AA:BB:03",
                "macvtap": "",
                "network_id": "78401567-1f8b-4968-ab56-cb812e6a6e65",
                "network_name": "default",
                "passthrough": "",
                "vepa": "",
                "wait_for_lease": false
              }
            ],
            "nvram": [],
            "qemu_agent": false,
            "running": true,
            "timeouts": null,
            "tpm": [],
            "vcpu": 2,
            "video": [],
            "xml": []
          },
          "sensitive_attributes": [],
          "private": "eyJlMmJmYjczMC1lY2FhLTExZTYtOGY4OC0zNDM2M2JjN2M0YzAiOnsiY3JlYXRlIjozMDAwMDAwMDAwMDB9fQ==",
          "dependencies": [
            "data.template_file.network_config",
            "data.template_file.user_data",
            "libvirt_cloudinit_disk.commoninit",
            "libvirt_pool.ubuntu",
            "libvirt_volume.base-volume-3",
            "libvirt_volume.volume-3"
          ]
        }
      ]
    },
    {
      "mode": "managed",
      "type": "libvirt_pool",
      "name": "ubuntu",
      "provider": "provider[\"registry.terraform.io/dmacvicar/libvirt\"]",
      "instances": [
        {
          "schema_version": 0,
          "attributes": {
            "allocation": 1125908750336,
            "available": null,
            "capacity": 1473980743680,
            "id": "7b1a9819-1782-42c3-976b-e959a5403613",
            "name": "ubuntu-pool",
            "path": "/home/fernando/Files/VMs/ubuntu-pool",
            "type": "dir",
            "xml": []
          },
          "sensitive_attributes": [],
          "private": "bnVsbA=="
        }
      ]
    },
    {
      "mode": "managed",
      "type": "libvirt_volume",
      "name": "base-volume-1",
      "provider": "provider[\"registry.terraform.io/dmacvicar/libvirt\"]",
      "instances": [
        {
          "schema_version": 0,
          "attributes": {
            "base_volume_id": null,
            "base_volume_name": null,
            "base_volume_pool": null,
            "format": "qcow2",
            "id": "/home/fernando/Files/VMs/ubuntu-pool/ubuntu-volume-1.qcow2",
            "name": "ubuntu-volume-1.qcow2",
            "pool": "ubuntu-pool",
            "size": 2361393152,
            "source": "/home/fernando/Files/VMs/jammy-server-cloudimg-amd64.img",
            "xml": []
          },
          "sensitive_attributes": [],
          "private": "bnVsbA==",
          "dependencies": [
            "libvirt_pool.ubuntu"
          ]
        }
      ]
    },
    {
      "mode": "managed",
      "type": "libvirt_volume",
      "name": "base-volume-2",
      "provider": "provider[\"registry.terraform.io/dmacvicar/libvirt\"]",
      "instances": [
        {
          "schema_version": 0,
          "attributes": {
            "base_volume_id": null,
            "base_volume_name": null,
            "base_volume_pool": null,
            "format": "qcow2",
            "id": "/home/fernando/Files/VMs/ubuntu-pool/ubuntu-volume-2.qcow2",
            "name": "ubuntu-volume-2.qcow2",
            "pool": "ubuntu-pool",
            "size": 2361393152,
            "source": "/home/fernando/Files/VMs/jammy-server-cloudimg-amd64.img",
            "xml": []
          },
          "sensitive_attributes": [],
          "private": "bnVsbA==",
          "dependencies": [
            "libvirt_pool.ubuntu"
          ]
        }
      ]
    },
    {
      "mode": "managed",
      "type": "libvirt_volume",
      "name": "base-volume-3",
      "provider": "provider[\"registry.terraform.io/dmacvicar/libvirt\"]",
      "instances": [
        {
          "schema_version": 0,
          "attributes": {
            "base_volume_id": null,
            "base_volume_name": null,
            "base_volume_pool": null,
            "format": "qcow2",
            "id": "/home/fernando/Files/VMs/ubuntu-pool/ubuntu-volume-3.qcow2",
            "name": "ubuntu-volume-3.qcow2",
            "pool": "ubuntu-pool",
            "size": 2361393152,
            "source": "/home/fernando/Files/VMs/jammy-server-cloudimg-amd64.img",
            "xml": []
          },
          "sensitive_attributes": [],
          "private": "bnVsbA==",
          "dependencies": [
            "libvirt_pool.ubuntu"
          ]
        }
      ]
    },
    {
      "mode": "managed",
      "type": "libvirt_volume",
      "name": "volume-1",
      "provider": "provider[\"registry.terraform.io/dmacvicar/libvirt\"]",
      "instances": [
        {
          "schema_version": 0,
          "attributes": {
            "base_volume_id": "/home/fernando/Files/VMs/ubuntu-pool/ubuntu-volume-1.qcow2",
            "base_volume_name": null,
            "base_volume_pool": null,
            "format": "qcow2",
            "id": "/home/fernando/Files/VMs/ubuntu-pool/volume-1",
            "name": "volume-1",
            "pool": "ubuntu-pool",
            "size": 10737418240,
            "source": null,
            "xml": []
          },
          "sensitive_attributes": [],
          "private": "bnVsbA==",
          "dependencies": [
            "libvirt_pool.ubuntu",
            "libvirt_volume.base-volume-1"
          ]
        }
      ]
    },
    {
      "mode": "managed",
      "type": "libvirt_volume",
      "name": "volume-2",
      "provider": "provider[\"registry.terraform.io/dmacvicar/libvirt\"]",
      "instances": [
        {
          "schema_version": 0,
          "attributes": {
            "base_volume_id": "/home/fernando/Files/VMs/ubuntu-pool/ubuntu-volume-2.qcow2",
            "base_volume_name": null,
            "base_volume_pool": null,
            "format": "qcow2",
            "id": "/home/fernando/Files/VMs/ubuntu-pool/volume-2",
            "name": "volume-2",
            "pool": "ubuntu-pool",
            "size": 10737418240,
            "source": null,
            "xml": []
          },
          "sensitive_attributes": [],
          "private": "bnVsbA==",
          "dependencies": [
            "libvirt_pool.ubuntu",
            "libvirt_volume.base-volume-2"
          ]
        }
      ]
    },
    {
      "mode": "managed",
      "type": "libvirt_volume",
      "name": "volume-3",
      "provider": "provider[\"registry.terraform.io/dmacvicar/libvirt\"]",
      "instances": [
        {
          "schema_version": 0,
          "attributes": {
            "base_volume_id": "/home/fernando/Files/VMs/ubuntu-pool/ubuntu-volume-3.qcow2",
            "base_volume_name": null,
            "base_volume_pool": null,
            "format": "qcow2",
            "id": "/home/fernando/Files/VMs/ubuntu-pool/volume-3",
            "name": "volume-3",
            "pool": "ubuntu-pool",
            "size": 10737418240,
            "source": null,
            "xml": []
          },
          "sensitive_attributes": [],
          "private": "bnVsbA==",
          "dependencies": [
            "libvirt_pool.ubuntu",
            "libvirt_volume.base-volume-3"
          ]
        }
      ]
    }
  ]
}
