{
  "version": 4,
  "terraform_version": "1.1.9",
  "serial": 13,
  "lineage": "7b650086-2fe6-b56c-a6dd-78d424829ac6",
  "outputs": {},
  "resources": [
    {
      "mode": "managed",
      "type": "libvirt_pool",
      "name": "ubuntu",
      "provider": "provider[\"registry.terraform.io/dmacvicar/libvirt\"]",
      "instances": [
        {
          "schema_version": 0,
          "attributes": {
            "allocation": 1124688519168,
            "available": null,
            "capacity": 1473980743680,
            "id": "44869ceb-797f-4918-8271-5675bb31449f",
            "name": "ubuntu-pool",
            "path": "/home/fernando/Files/VMs/ubuntu-pool",
            "type": "dir",
            "xml": []
          },
          "sensitive_attributes": [],
          "private": "bnVsbA=="
        }
      ]
    },
    {
      "mode": "managed",
      "type": "libvirt_volume",
      "name": "volume-1",
      "provider": "provider[\"registry.terraform.io/dmacvicar/libvirt\"]",
      "instances": [
        {
          "schema_version": 0,
          "attributes": {
            "base_volume_id": null,
            "base_volume_name": null,
            "base_volume_pool": null,
            "format": "qcow2",
            "id": "/home/fernando/Files/VMs/ubuntu-pool/ubuntu-volume-1.qcow2",
            "name": "ubuntu-volume-1.qcow2",
            "pool": "ubuntu-pool",
            "size": 2361393152,
            "source": "https://cloud-images.ubuntu.com/jammy/current/jammy-server-cloudimg-amd64-disk-kvm.img",
            "xml": []
          },
          "sensitive_attributes": [],
          "private": "bnVsbA==",
          "dependencies": [
            "libvirt_pool.ubuntu"
          ]
        }
      ]
    },
    {
      "mode": "managed",
      "type": "libvirt_volume",
      "name": "volume-2",
      "provider": "provider[\"registry.terraform.io/dmacvicar/libvirt\"]",
      "instances": [
        {
          "schema_version": 0,
          "attributes": {
            "base_volume_id": null,
            "base_volume_name": null,
            "base_volume_pool": null,
            "format": "qcow2",
            "id": "/home/fernando/Files/VMs/ubuntu-pool/ubuntu-volume-2.qcow2",
            "name": "ubuntu-volume-2.qcow2",
            "pool": "ubuntu-pool",
            "size": 2361393152,
            "source": "https://cloud-images.ubuntu.com/jammy/current/jammy-server-cloudimg-amd64-disk-kvm.img",
            "xml": []
          },
          "sensitive_attributes": [],
          "private": "bnVsbA==",
          "dependencies": [
            "libvirt_pool.ubuntu"
          ]
        }
      ]
    }
  ]
}
